
Microsoft Visual Studio Solution File, Format Version 12.00
# Visual Studio Version 17
VisualStudioVersion = 17.2.32616.157
MinimumVisualStudioVersion = 10.0.40219.1
Project("{FAE04EC0-301F-11D3-BF4B-00C04F79EFBC}") = "FIT5032_MyCSS", "FIT5032_MyCSS\FIT5032_MyCSS.csproj", "{9B7D6EF9-CFD1-407F-BF69-A4F6ACD1BA20}"
EndProject
Global
	GlobalSection(SolutionConfigurationPlatforms) = preSolution
		Debug|Any CPU = Debug|Any CPU
		Release|Any CPU = Release|Any CPU
	EndGlobalSection
	GlobalSection(ProjectConfigurationPlatforms) = postSolution
		{9B7D6EF9-CFD1-407F-BF69-A4F6ACD1BA20}.Debug|Any CPU.ActiveCfg = Debug|Any CPU
		{9B7D6EF9-CFD1-407F-BF69-A4F6ACD1BA20}.Debug|Any CPU.Build.0 = Debug|Any CPU
		{9B7D6EF9-CFD1-407F-BF69-A4F6ACD1BA20}.Release|Any CPU.ActiveCfg = Release|Any CPU
		{9B7D6EF9-CFD1-407F-BF69-A4F6ACD1BA20}.Release|Any CPU.Build.0 = Release|Any CPU
	EndGlobalSection
	GlobalSection(SolutionProperties) = preSolution
		HideSolutionNode = FALSE
	EndGlobalSection
	GlobalSection(ExtensibilityGlobals) = postSolution
		SolutionGuid = {8AD56B5E-3C62-4F8E-B2AE-99B1D7DC9F39}
	EndGlobalSection
EndGlobal
