
Microsoft Visual Studio Solution File, Format Version 12.00
# Visual Studio Version 17
VisualStudioVersion = 17.2.32616.157
MinimumVisualStudioVersion = 10.0.40219.1
Project("{FAE04EC0-301F-11D3-BF4B-00C04F79EFBC}") = "FIT5032_MyCodeSnippet", "FIT5032_MyCodeSnippet\FIT5032_MyCodeSnippet.csproj", "{CC7B23F6-1354-49BD-801E-112D166C08CF}"
EndProject
Project("{FAE04EC0-301F-11D3-BF4B-00C04F79EFBC}") = "FIT5032_MyCodeSnippet.Tests", "FIT5032_MyCodeSnippet.Tests\FIT5032_MyCodeSnippet.Tests.csproj", "{1B44FE70-C878-4A41-94CC-04B535E8A682}"
EndProject
Global
	GlobalSection(SolutionConfigurationPlatforms) = preSolution
		Debug|Any CPU = Debug|Any CPU
		Release|Any CPU = Release|Any CPU
	EndGlobalSection
	GlobalSection(ProjectConfigurationPlatforms) = postSolution
		{CC7B23F6-1354-49BD-801E-112D166C08CF}.Debug|Any CPU.ActiveCfg = Debug|Any CPU
		{CC7B23F6-1354-49BD-801E-112D166C08CF}.Debug|Any CPU.Build.0 = Debug|Any CPU
		{CC7B23F6-1354-49BD-801E-112D166C08CF}.Release|Any CPU.ActiveCfg = Release|Any CPU
		{CC7B23F6-1354-49BD-801E-112D166C08CF}.Release|Any CPU.Build.0 = Release|Any CPU
		{1B44FE70-C878-4A41-94CC-04B535E8A682}.Debug|Any CPU.ActiveCfg = Debug|Any CPU
		{1B44FE70-C878-4A41-94CC-04B535E8A682}.Debug|Any CPU.Build.0 = Debug|Any CPU
		{1B44FE70-C878-4A41-94CC-04B535E8A682}.Release|Any CPU.ActiveCfg = Release|Any CPU
		{1B44FE70-C878-4A41-94CC-04B535E8A682}.Release|Any CPU.Build.0 = Release|Any CPU
	EndGlobalSection
	GlobalSection(SolutionProperties) = preSolution
		HideSolutionNode = FALSE
	EndGlobalSection
	GlobalSection(ExtensibilityGlobals) = postSolution
		SolutionGuid = {223891D0-389F-455F-B690-5EB29864DB65}
	EndGlobalSection
EndGlobal
